
Microsoft Visual Studio Solution File, Format Version 12.00
# Visual Studio Version 17
VisualStudioVersion = 17.4.33110.190
MinimumVisualStudioVersion = 10.0.40219.1
Project("{9A19103F-16F7-4668-BE54-9A1E7A4F7556}") = "ProjetoIntegradoIV", "ProjetoIntegradoIV.csproj", "{92F864E2-B425-4A4A-8BC6-38F69CCA15FB}"
EndProject
Global
	GlobalSection(SolutionConfigurationPlatforms) = preSolution
		Debug|Any CPU = Debug|Any CPU
		Release|Any CPU = Release|Any CPU
	EndGlobalSection
	GlobalSection(ProjectConfigurationPlatforms) = postSolution
		{92F864E2-B425-4A4A-8BC6-38F69CCA15FB}.Debug|Any CPU.ActiveCfg = Debug|Any CPU
		{92F864E2-B425-4A4A-8BC6-38F69CCA15FB}.Debug|Any CPU.Build.0 = Debug|Any CPU
		{92F864E2-B425-4A4A-8BC6-38F69CCA15FB}.Release|Any CPU.ActiveCfg = Release|Any CPU
		{92F864E2-B425-4A4A-8BC6-38F69CCA15FB}.Release|Any CPU.Build.0 = Release|Any CPU
	EndGlobalSection
	GlobalSection(SolutionProperties) = preSolution
		HideSolutionNode = FALSE
	EndGlobalSection
	GlobalSection(ExtensibilityGlobals) = postSolution
		SolutionGuid = {9B972248-2690-4917-B177-24729E802BA1}
	EndGlobalSection
EndGlobal
